
Microsoft Visual Studio Solution File, Format Version 12.00
# Visual Studio 2013
VisualStudioVersion = 12.0.31101.0
MinimumVisualStudioVersion = 10.0.40219.1
Project("{FAE04EC0-301F-11D3-BF4B-00C04F79EFBC}") = "PaJaMa.ScreenCapture", "PaJaMa.ScreenCapture.csproj", "{D7E64861-9746-45C6-9996-996400B00F70}"
EndProject
Project("{FAE04EC0-301F-11D3-BF4B-00C04F79EFBC}") = "PaJaMa.Common", "..\Common\PaJaMa.Common.csproj", "{4C71ADA7-E306-467A-B014-9BD42287DCB1}"
EndProject
Project("{2150E333-8FDC-42A3-9474-1A3956D46DE8}") = "Solution Items", "Solution Items", "{623C8ABF-BBD5-4942-B941-74E36FA7F24D}"
	ProjectSection(SolutionItems) = preProject
		Performance1.psess = Performance1.psess
	EndProjectSection
EndProject
Global
	GlobalSection(SolutionConfigurationPlatforms) = preSolution
		2ReleasePJServer|Any CPU = 2ReleasePJServer|Any CPU
		2ReleasePJServer|x86 = 2ReleasePJServer|x86
		Debug|Any CPU = Debug|Any CPU
		Debug|x86 = Debug|x86
		Debug2|Any CPU = Debug2|Any CPU
		Debug2|x86 = Debug2|x86
		Release|Any CPU = Release|Any CPU
		Release|x86 = Release|x86
		ReleaseDropBox|Any CPU = ReleaseDropBox|Any CPU
		ReleaseDropBox|x86 = ReleaseDropBox|x86
		x86|Any CPU = x86|Any CPU
		x86|x86 = x86|x86
	EndGlobalSection
	GlobalSection(ProjectConfigurationPlatforms) = postSolution
		{D7E64861-9746-45C6-9996-996400B00F70}.2ReleasePJServer|Any CPU.ActiveCfg = Release|Any CPU
		{D7E64861-9746-45C6-9996-996400B00F70}.2ReleasePJServer|Any CPU.Build.0 = Release|Any CPU
		{D7E64861-9746-45C6-9996-996400B00F70}.2ReleasePJServer|x86.ActiveCfg = Release|x86
		{D7E64861-9746-45C6-9996-996400B00F70}.2ReleasePJServer|x86.Build.0 = Release|x86
		{D7E64861-9746-45C6-9996-996400B00F70}.Debug|Any CPU.ActiveCfg = Debug|Any CPU
		{D7E64861-9746-45C6-9996-996400B00F70}.Debug|Any CPU.Build.0 = Debug|Any CPU
		{D7E64861-9746-45C6-9996-996400B00F70}.Debug|x86.ActiveCfg = Debug|x86
		{D7E64861-9746-45C6-9996-996400B00F70}.Debug|x86.Build.0 = Debug|x86
		{D7E64861-9746-45C6-9996-996400B00F70}.Debug2|Any CPU.ActiveCfg = Debug2|Any CPU
		{D7E64861-9746-45C6-9996-996400B00F70}.Debug2|Any CPU.Build.0 = Debug2|Any CPU
		{D7E64861-9746-45C6-9996-996400B00F70}.Debug2|x86.ActiveCfg = Debug|x86
		{D7E64861-9746-45C6-9996-996400B00F70}.Debug2|x86.Build.0 = Debug|x86
		{D7E64861-9746-45C6-9996-996400B00F70}.Release|Any CPU.ActiveCfg = Release|Any CPU
		{D7E64861-9746-45C6-9996-996400B00F70}.Release|Any CPU.Build.0 = Release|Any CPU
		{D7E64861-9746-45C6-9996-996400B00F70}.Release|x86.ActiveCfg = Release|x86
		{D7E64861-9746-45C6-9996-996400B00F70}.Release|x86.Build.0 = Release|x86
		{D7E64861-9746-45C6-9996-996400B00F70}.ReleaseDropBox|Any CPU.ActiveCfg = ReleaseDropBox|Any CPU
		{D7E64861-9746-45C6-9996-996400B00F70}.ReleaseDropBox|Any CPU.Build.0 = ReleaseDropBox|Any CPU
		{D7E64861-9746-45C6-9996-996400B00F70}.ReleaseDropBox|x86.ActiveCfg = Release|x86
		{D7E64861-9746-45C6-9996-996400B00F70}.ReleaseDropBox|x86.Build.0 = Release|x86
		{D7E64861-9746-45C6-9996-996400B00F70}.x86|Any CPU.ActiveCfg = Release|Any CPU
		{D7E64861-9746-45C6-9996-996400B00F70}.x86|Any CPU.Build.0 = Release|Any CPU
		{D7E64861-9746-45C6-9996-996400B00F70}.x86|x86.ActiveCfg = Release|x86
		{D7E64861-9746-45C6-9996-996400B00F70}.x86|x86.Build.0 = Release|x86
		{4C71ADA7-E306-467A-B014-9BD42287DCB1}.2ReleasePJServer|Any CPU.ActiveCfg = 2ReleasePJServer|Any CPU
		{4C71ADA7-E306-467A-B014-9BD42287DCB1}.2ReleasePJServer|Any CPU.Build.0 = 2ReleasePJServer|Any CPU
		{4C71ADA7-E306-467A-B014-9BD42287DCB1}.2ReleasePJServer|x86.ActiveCfg = 2ReleasePJServer|x86
		{4C71ADA7-E306-467A-B014-9BD42287DCB1}.2ReleasePJServer|x86.Build.0 = 2ReleasePJServer|x86
		{4C71ADA7-E306-467A-B014-9BD42287DCB1}.Debug|Any CPU.ActiveCfg = Debug|Any CPU
		{4C71ADA7-E306-467A-B014-9BD42287DCB1}.Debug|Any CPU.Build.0 = Debug|Any CPU
		{4C71ADA7-E306-467A-B014-9BD42287DCB1}.Debug|x86.ActiveCfg = Debug|x86
		{4C71ADA7-E306-467A-B014-9BD42287DCB1}.Debug|x86.Build.0 = Debug|x86
		{4C71ADA7-E306-467A-B014-9BD42287DCB1}.Debug2|Any CPU.ActiveCfg = Debug2|Any CPU
		{4C71ADA7-E306-467A-B014-9BD42287DCB1}.Debug2|Any CPU.Build.0 = Debug2|Any CPU
		{4C71ADA7-E306-467A-B014-9BD42287DCB1}.Debug2|x86.ActiveCfg = Debug2|x86
		{4C71ADA7-E306-467A-B014-9BD42287DCB1}.Debug2|x86.Build.0 = Debug2|x86
		{4C71ADA7-E306-467A-B014-9BD42287DCB1}.Release|Any CPU.ActiveCfg = Release|Any CPU
		{4C71ADA7-E306-467A-B014-9BD42287DCB1}.Release|Any CPU.Build.0 = Release|Any CPU
		{4C71ADA7-E306-467A-B014-9BD42287DCB1}.Release|x86.ActiveCfg = Release|x86
		{4C71ADA7-E306-467A-B014-9BD42287DCB1}.Release|x86.Build.0 = Release|x86
		{4C71ADA7-E306-467A-B014-9BD42287DCB1}.ReleaseDropBox|Any CPU.ActiveCfg = Release|Any CPU
		{4C71ADA7-E306-467A-B014-9BD42287DCB1}.ReleaseDropBox|Any CPU.Build.0 = Release|Any CPU
		{4C71ADA7-E306-467A-B014-9BD42287DCB1}.ReleaseDropBox|x86.ActiveCfg = Release|x86
		{4C71ADA7-E306-467A-B014-9BD42287DCB1}.ReleaseDropBox|x86.Build.0 = Release|x86
		{4C71ADA7-E306-467A-B014-9BD42287DCB1}.x86|Any CPU.ActiveCfg = x86|Any CPU
		{4C71ADA7-E306-467A-B014-9BD42287DCB1}.x86|Any CPU.Build.0 = x86|Any CPU
		{4C71ADA7-E306-467A-B014-9BD42287DCB1}.x86|x86.ActiveCfg = x86|x86
		{4C71ADA7-E306-467A-B014-9BD42287DCB1}.x86|x86.Build.0 = x86|x86
	EndGlobalSection
	GlobalSection(SolutionProperties) = preSolution
		HideSolutionNode = FALSE
	EndGlobalSection
EndGlobal
